// !$*UTF8*$!
{
	archiveVersion = 1;
	classes = {
	};
	objectVersion = 46;
	objects = {

/* Begin PBXBuildFile section */
		1EDCC1F5A9CE43CEA4EB6481 /* libPods.a in Frameworks */ = {isa = PBXBuildFile; fileRef = F72AF06922F547CB815CD9CA /* libPods.a */; };
		6476518118B9520400F1E825 /* HighLightView.xib in Resources */ = {isa = PBXBuildFile; fileRef = 6476518018B9520400F1E825 /* HighLightView.xib */; };
		6476518418B9535900F1E825 /* HighLightView.m in Sources */ = {isa = PBXBuildFile; fileRef = 6476518318B9535900F1E825 /* HighLightView.m */; };
		6476518B18B9804700F1E825 /* ContentListCell.xib in Resources */ = {isa = PBXBuildFile; fileRef = 6476518A18B9804700F1E825 /* ContentListCell.xib */; };
		6476518E18B9808000F1E825 /* ContentListCell.m in Sources */ = {isa = PBXBuildFile; fileRef = 6476518D18B9808000F1E825 /* ContentListCell.m */; };
		6476519118B9DBB500F1E825 /* Event.m in Sources */ = {isa = PBXBuildFile; fileRef = 6476519018B9DBB500F1E825 /* Event.m */; };
		6476519418B9DE6900F1E825 /* Review.m in Sources */ = {isa = PBXBuildFile; fileRef = 6476519318B9DE6900F1E825 /* Review.m */; };
		6476519A18BA435C00F1E825 /* DetailsHeaderViewCell.xib in Resources */ = {isa = PBXBuildFile; fileRef = 6476519918BA435C00F1E825 /* DetailsHeaderViewCell.xib */; };
		6476519D18BAB51B00F1E825 /* DetailsHeaderViewCell.m in Sources */ = {isa = PBXBuildFile; fileRef = 6476519C18BAB51B00F1E825 /* DetailsHeaderViewCell.m */; };
		647651A018BAB61A00F1E825 /* DetailsActionViewCell.m in Sources */ = {isa = PBXBuildFile; fileRef = 6476519F18BAB61A00F1E825 /* DetailsActionViewCell.m */; };
		647651A218BAB63300F1E825 /* DetailsActionViewCell.xib in Resources */ = {isa = PBXBuildFile; fileRef = 647651A118BAB63300F1E825 /* DetailsActionViewCell.xib */; };
		647651A418BAB65600F1E825 /* DetailsMoreInfoCell.xib in Resources */ = {isa = PBXBuildFile; fileRef = 647651A318BAB65600F1E825 /* DetailsMoreInfoCell.xib */; };
		647651A718BAB68900F1E825 /* DetailsMoreInfoCell.m in Sources */ = {isa = PBXBuildFile; fileRef = 647651A618BAB68900F1E825 /* DetailsMoreInfoCell.m */; };
		647651AA18BAB77E00F1E825 /* DetailsSectionHeaderCell.m in Sources */ = {isa = PBXBuildFile; fileRef = 647651A918BAB77E00F1E825 /* DetailsSectionHeaderCell.m */; };
		647651AC18BAB79C00F1E825 /* DetailsSectionHeaderCell.xib in Resources */ = {isa = PBXBuildFile; fileRef = 647651AB18BAB79C00F1E825 /* DetailsSectionHeaderCell.xib */; };
		647651AF18BAB7E000F1E825 /* DetailsReviewCell.m in Sources */ = {isa = PBXBuildFile; fileRef = 647651AE18BAB7E000F1E825 /* DetailsReviewCell.m */; };
		647651B118BAB7F400F1E825 /* DetailsReviewCell.xib in Resources */ = {isa = PBXBuildFile; fileRef = 647651B018BAB7F400F1E825 /* DetailsReviewCell.xib */; };
		64B53E46189F333E0052FABB /* YelpClient.m in Sources */ = {isa = PBXBuildFile; fileRef = 64B53E45189F333E0052FABB /* YelpClient.m */; };
		64C7E5D318A068EA000B84DD /* GooglePlacesClient.m in Sources */ = {isa = PBXBuildFile; fileRef = 64C7E5D218A068EA000B84DD /* GooglePlacesClient.m */; };
		64C7E5D618A078C0000B84DD /* Config.m in Sources */ = {isa = PBXBuildFile; fileRef = 64C7E5D518A078C0000B84DD /* Config.m */; };
		64C7E5D918A09F90000B84DD /* Place.m in Sources */ = {isa = PBXBuildFile; fileRef = 64C7E5D818A09F90000B84DD /* Place.m */; };
		64D242B118B87D280049729D /* CategoryViewHeaderCell.xib in Resources */ = {isa = PBXBuildFile; fileRef = 64D242B018B87D280049729D /* CategoryViewHeaderCell.xib */; };
		64D242B418B885830049729D /* CategoryViewHeaderCell.m in Sources */ = {isa = PBXBuildFile; fileRef = 64D242B318B885830049729D /* CategoryViewHeaderCell.m */; };
		64D242B718B897DB0049729D /* CategoryViewItemCell.m in Sources */ = {isa = PBXBuildFile; fileRef = 64D242B618B897DB0049729D /* CategoryViewItemCell.m */; };
		64D242BD18B89F020049729D /* CategoryViewItemCell.xib in Resources */ = {isa = PBXBuildFile; fileRef = 64D242BC18B89F020049729D /* CategoryViewItemCell.xib */; };
		64D242C018B8BCC80049729D /* Category2ViewController.m in Sources */ = {isa = PBXBuildFile; fileRef = 64D242BF18B8BCC80049729D /* Category2ViewController.m */; };
		64D242C318B8C5F70049729D /* CategoryViewFooterCell.m in Sources */ = {isa = PBXBuildFile; fileRef = 64D242C218B8C5F70049729D /* CategoryViewFooterCell.m */; };
		64D242C518B8C61E0049729D /* CategoryViewFooterCell.xib in Resources */ = {isa = PBXBuildFile; fileRef = 64D242C418B8C61E0049729D /* CategoryViewFooterCell.xib */; };
		9738DEE218A8353700C200FA /* PhotoDetailsViewController.m in Sources */ = {isa = PBXBuildFile; fileRef = 9738DEE118A8353700C200FA /* PhotoDetailsViewController.m */; };
		978D1A2318A142D200F6DA1F /* FlickrClient.m in Sources */ = {isa = PBXBuildFile; fileRef = 978D1A2218A142D200F6DA1F /* FlickrClient.m */; };
		978FC31018A6D72C00F0CE07 /* FlickrViewController.m in Sources */ = {isa = PBXBuildFile; fileRef = 978FC30F18A6D72C00F0CE07 /* FlickrViewController.m */; };
		97BC911C18A21CEE00192447 /* Photo.m in Sources */ = {isa = PBXBuildFile; fileRef = 97BC911B18A21CEE00192447 /* Photo.m */; };
		97D466291890A28700CBCE81 /* Foundation.framework in Frameworks */ = {isa = PBXBuildFile; fileRef = 97D466281890A28700CBCE81 /* Foundation.framework */; };
		97D4662B1890A28700CBCE81 /* CoreGraphics.framework in Frameworks */ = {isa = PBXBuildFile; fileRef = 97D4662A1890A28700CBCE81 /* CoreGraphics.framework */; };
		97D4662D1890A28700CBCE81 /* UIKit.framework in Frameworks */ = {isa = PBXBuildFile; fileRef = 97D4662C1890A28700CBCE81 /* UIKit.framework */; };
		97D466331890A28700CBCE81 /* InfoPlist.strings in Resources */ = {isa = PBXBuildFile; fileRef = 97D466311890A28700CBCE81 /* InfoPlist.strings */; };
		97D466351890A28700CBCE81 /* main.m in Sources */ = {isa = PBXBuildFile; fileRef = 97D466341890A28700CBCE81 /* main.m */; };
		97D466391890A28700CBCE81 /* AppDelegate.m in Sources */ = {isa = PBXBuildFile; fileRef = 97D466381890A28700CBCE81 /* AppDelegate.m */; };
		97D4663C1890A28700CBCE81 /* Main.storyboard in Resources */ = {isa = PBXBuildFile; fileRef = 97D4663A1890A28700CBCE81 /* Main.storyboard */; };
		97D466411890A28700CBCE81 /* Images.xcassets in Resources */ = {isa = PBXBuildFile; fileRef = 97D466401890A28700CBCE81 /* Images.xcassets */; };
		97D466481890A28700CBCE81 /* XCTest.framework in Frameworks */ = {isa = PBXBuildFile; fileRef = 97D466471890A28700CBCE81 /* XCTest.framework */; };
		97D466491890A28700CBCE81 /* Foundation.framework in Frameworks */ = {isa = PBXBuildFile; fileRef = 97D466281890A28700CBCE81 /* Foundation.framework */; };
		97D4664A1890A28700CBCE81 /* UIKit.framework in Frameworks */ = {isa = PBXBuildFile; fileRef = 97D4662C1890A28700CBCE81 /* UIKit.framework */; };
		97D466521890A28800CBCE81 /* InfoPlist.strings in Resources */ = {isa = PBXBuildFile; fileRef = 97D466501890A28800CBCE81 /* InfoPlist.strings */; };
		97D466541890A28800CBCE81 /* AroundYouTests.m in Sources */ = {isa = PBXBuildFile; fileRef = 97D466531890A28800CBCE81 /* AroundYouTests.m */; };
		97D466651890A32A00CBCE81 /* LandingViewController.m in Sources */ = {isa = PBXBuildFile; fileRef = 97D466641890A32A00CBCE81 /* LandingViewController.m */; };
		97D4666B1890A6FC00CBCE81 /* ContentListViewController.m in Sources */ = {isa = PBXBuildFile; fileRef = 97D4666A1890A6FC00CBCE81 /* ContentListViewController.m */; };
		97D4666E1890A73800CBCE81 /* CategoryViewController.m in Sources */ = {isa = PBXBuildFile; fileRef = 97D4666D1890A73800CBCE81 /* CategoryViewController.m */; };
		97D466711890A8ED00CBCE81 /* DetailsViewController.m in Sources */ = {isa = PBXBuildFile; fileRef = 97D466701890A8ED00CBCE81 /* DetailsViewController.m */; };
/* End PBXBuildFile section */

/* Begin PBXContainerItemProxy section */
		97D4664B1890A28700CBCE81 /* PBXContainerItemProxy */ = {
			isa = PBXContainerItemProxy;
			containerPortal = 97D4661D1890A28700CBCE81 /* Project object */;
			proxyType = 1;
			remoteGlobalIDString = 97D466241890A28700CBCE81;
			remoteInfo = AroundYou;
		};
/* End PBXContainerItemProxy section */

/* Begin PBXFileReference section */
		415025F2FF6149409C611DE8 /* Pods.xcconfig */ = {isa = PBXFileReference; includeInIndex = 1; lastKnownFileType = text.xcconfig; name = Pods.xcconfig; path = Pods/Pods.xcconfig; sourceTree = "<group>"; };
		6476518018B9520400F1E825 /* HighLightView.xib */ = {isa = PBXFileReference; fileEncoding = 4; lastKnownFileType = file.xib; path = HighLightView.xib; sourceTree = SOURCE_ROOT; };
		6476518218B9535900F1E825 /* HighLightView.h */ = {isa = PBXFileReference; fileEncoding = 4; lastKnownFileType = sourcecode.c.h; path = HighLightView.h; sourceTree = SOURCE_ROOT; };
		6476518318B9535900F1E825 /* HighLightView.m */ = {isa = PBXFileReference; fileEncoding = 4; lastKnownFileType = sourcecode.c.objc; path = HighLightView.m; sourceTree = SOURCE_ROOT; };
		6476518A18B9804700F1E825 /* ContentListCell.xib */ = {isa = PBXFileReference; fileEncoding = 4; lastKnownFileType = file.xib; path = ContentListCell.xib; sourceTree = SOURCE_ROOT; };
		6476518C18B9808000F1E825 /* ContentListCell.h */ = {isa = PBXFileReference; fileEncoding = 4; lastKnownFileType = sourcecode.c.h; path = ContentListCell.h; sourceTree = SOURCE_ROOT; };
		6476518D18B9808000F1E825 /* ContentListCell.m */ = {isa = PBXFileReference; fileEncoding = 4; lastKnownFileType = sourcecode.c.objc; path = ContentListCell.m; sourceTree = SOURCE_ROOT; };
		6476518F18B9DBB500F1E825 /* Event.h */ = {isa = PBXFileReference; fileEncoding = 4; lastKnownFileType = sourcecode.c.h; path = Event.h; sourceTree = SOURCE_ROOT; };
		6476519018B9DBB500F1E825 /* Event.m */ = {isa = PBXFileReference; fileEncoding = 4; lastKnownFileType = sourcecode.c.objc; path = Event.m; sourceTree = SOURCE_ROOT; };
		6476519218B9DE6900F1E825 /* Review.h */ = {isa = PBXFileReference; fileEncoding = 4; lastKnownFileType = sourcecode.c.h; path = Review.h; sourceTree = SOURCE_ROOT; };
		6476519318B9DE6900F1E825 /* Review.m */ = {isa = PBXFileReference; fileEncoding = 4; lastKnownFileType = sourcecode.c.objc; path = Review.m; sourceTree = SOURCE_ROOT; };
		6476519918BA435C00F1E825 /* DetailsHeaderViewCell.xib */ = {isa = PBXFileReference; fileEncoding = 4; lastKnownFileType = file.xib; path = DetailsHeaderViewCell.xib; sourceTree = SOURCE_ROOT; };
		6476519B18BAB51B00F1E825 /* DetailsHeaderViewCell.h */ = {isa = PBXFileReference; fileEncoding = 4; lastKnownFileType = sourcecode.c.h; path = DetailsHeaderViewCell.h; sourceTree = SOURCE_ROOT; };
		6476519C18BAB51B00F1E825 /* DetailsHeaderViewCell.m */ = {isa = PBXFileReference; fileEncoding = 4; lastKnownFileType = sourcecode.c.objc; path = DetailsHeaderViewCell.m; sourceTree = SOURCE_ROOT; };
		6476519E18BAB61A00F1E825 /* DetailsActionViewCell.h */ = {isa = PBXFileReference; fileEncoding = 4; lastKnownFileType = sourcecode.c.h; path = DetailsActionViewCell.h; sourceTree = SOURCE_ROOT; };
		6476519F18BAB61A00F1E825 /* DetailsActionViewCell.m */ = {isa = PBXFileReference; fileEncoding = 4; lastKnownFileType = sourcecode.c.objc; path = DetailsActionViewCell.m; sourceTree = SOURCE_ROOT; };
		647651A118BAB63300F1E825 /* DetailsActionViewCell.xib */ = {isa = PBXFileReference; fileEncoding = 4; lastKnownFileType = file.xib; path = DetailsActionViewCell.xib; sourceTree = SOURCE_ROOT; };
		647651A318BAB65600F1E825 /* DetailsMoreInfoCell.xib */ = {isa = PBXFileReference; fileEncoding = 4; lastKnownFileType = file.xib; path = DetailsMoreInfoCell.xib; sourceTree = SOURCE_ROOT; };
		647651A518BAB68900F1E825 /* DetailsMoreInfoCell.h */ = {isa = PBXFileReference; fileEncoding = 4; lastKnownFileType = sourcecode.c.h; path = DetailsMoreInfoCell.h; sourceTree = SOURCE_ROOT; };
		647651A618BAB68900F1E825 /* DetailsMoreInfoCell.m */ = {isa = PBXFileReference; fileEncoding = 4; lastKnownFileType = sourcecode.c.objc; path = DetailsMoreInfoCell.m; sourceTree = SOURCE_ROOT; };
		647651A818BAB77E00F1E825 /* DetailsSectionHeaderCell.h */ = {isa = PBXFileReference; fileEncoding = 4; lastKnownFileType = sourcecode.c.h; path = DetailsSectionHeaderCell.h; sourceTree = SOURCE_ROOT; };
		647651A918BAB77E00F1E825 /* DetailsSectionHeaderCell.m */ = {isa = PBXFileReference; fileEncoding = 4; lastKnownFileType = sourcecode.c.objc; path = DetailsSectionHeaderCell.m; sourceTree = SOURCE_ROOT; };
		647651AB18BAB79C00F1E825 /* DetailsSectionHeaderCell.xib */ = {isa = PBXFileReference; fileEncoding = 4; lastKnownFileType = file.xib; path = DetailsSectionHeaderCell.xib; sourceTree = SOURCE_ROOT; };
		647651AD18BAB7E000F1E825 /* DetailsReviewCell.h */ = {isa = PBXFileReference; fileEncoding = 4; lastKnownFileType = sourcecode.c.h; path = DetailsReviewCell.h; sourceTree = SOURCE_ROOT; };
		647651AE18BAB7E000F1E825 /* DetailsReviewCell.m */ = {isa = PBXFileReference; fileEncoding = 4; lastKnownFileType = sourcecode.c.objc; path = DetailsReviewCell.m; sourceTree = SOURCE_ROOT; };
		647651B018BAB7F400F1E825 /* DetailsReviewCell.xib */ = {isa = PBXFileReference; fileEncoding = 4; lastKnownFileType = file.xib; path = DetailsReviewCell.xib; sourceTree = SOURCE_ROOT; };
		64B53E44189F333E0052FABB /* YelpClient.h */ = {isa = PBXFileReference; fileEncoding = 4; lastKnownFileType = sourcecode.c.h; path = YelpClient.h; sourceTree = "<group>"; };
		64B53E45189F333E0052FABB /* YelpClient.m */ = {isa = PBXFileReference; fileEncoding = 4; lastKnownFileType = sourcecode.c.objc; path = YelpClient.m; sourceTree = "<group>"; };
		64C7E5D118A068EA000B84DD /* GooglePlacesClient.h */ = {isa = PBXFileReference; fileEncoding = 4; lastKnownFileType = sourcecode.c.h; path = GooglePlacesClient.h; sourceTree = "<group>"; };
		64C7E5D218A068EA000B84DD /* GooglePlacesClient.m */ = {isa = PBXFileReference; fileEncoding = 4; lastKnownFileType = sourcecode.c.objc; path = GooglePlacesClient.m; sourceTree = "<group>"; };
		64C7E5D418A078C0000B84DD /* Config.h */ = {isa = PBXFileReference; fileEncoding = 4; lastKnownFileType = sourcecode.c.h; path = Config.h; sourceTree = SOURCE_ROOT; };
		64C7E5D518A078C0000B84DD /* Config.m */ = {isa = PBXFileReference; fileEncoding = 4; lastKnownFileType = sourcecode.c.objc; path = Config.m; sourceTree = SOURCE_ROOT; };
		64C7E5D718A09F90000B84DD /* Place.h */ = {isa = PBXFileReference; fileEncoding = 4; lastKnownFileType = sourcecode.c.h; path = Place.h; sourceTree = SOURCE_ROOT; };
		64C7E5D818A09F90000B84DD /* Place.m */ = {isa = PBXFileReference; fileEncoding = 4; lastKnownFileType = sourcecode.c.objc; path = Place.m; sourceTree = SOURCE_ROOT; };
		64D242B018B87D280049729D /* CategoryViewHeaderCell.xib */ = {isa = PBXFileReference; fileEncoding = 4; lastKnownFileType = file.xib; path = CategoryViewHeaderCell.xib; sourceTree = SOURCE_ROOT; };
		64D242B218B885830049729D /* CategoryViewHeaderCell.h */ = {isa = PBXFileReference; fileEncoding = 4; lastKnownFileType = sourcecode.c.h; path = CategoryViewHeaderCell.h; sourceTree = SOURCE_ROOT; };
		64D242B318B885830049729D /* CategoryViewHeaderCell.m */ = {isa = PBXFileReference; fileEncoding = 4; lastKnownFileType = sourcecode.c.objc; path = CategoryViewHeaderCell.m; sourceTree = SOURCE_ROOT; };
		64D242B518B897DB0049729D /* CategoryViewItemCell.h */ = {isa = PBXFileReference; fileEncoding = 4; lastKnownFileType = sourcecode.c.h; path = CategoryViewItemCell.h; sourceTree = SOURCE_ROOT; };
		64D242B618B897DB0049729D /* CategoryViewItemCell.m */ = {isa = PBXFileReference; fileEncoding = 4; lastKnownFileType = sourcecode.c.objc; path = CategoryViewItemCell.m; sourceTree = SOURCE_ROOT; };
		64D242BC18B89F020049729D /* CategoryViewItemCell.xib */ = {isa = PBXFileReference; fileEncoding = 4; lastKnownFileType = file.xib; path = CategoryViewItemCell.xib; sourceTree = SOURCE_ROOT; };
		64D242BE18B8BCC80049729D /* Category2ViewController.h */ = {isa = PBXFileReference; fileEncoding = 4; lastKnownFileType = sourcecode.c.h; path = Category2ViewController.h; sourceTree = "<group>"; };
		64D242BF18B8BCC80049729D /* Category2ViewController.m */ = {isa = PBXFileReference; fileEncoding = 4; lastKnownFileType = sourcecode.c.objc; path = Category2ViewController.m; sourceTree = "<group>"; };
		64D242C118B8C5F70049729D /* CategoryViewFooterCell.h */ = {isa = PBXFileReference; fileEncoding = 4; lastKnownFileType = sourcecode.c.h; path = CategoryViewFooterCell.h; sourceTree = SOURCE_ROOT; };
		64D242C218B8C5F70049729D /* CategoryViewFooterCell.m */ = {isa = PBXFileReference; fileEncoding = 4; lastKnownFileType = sourcecode.c.objc; path = CategoryViewFooterCell.m; sourceTree = SOURCE_ROOT; };
		64D242C418B8C61E0049729D /* CategoryViewFooterCell.xib */ = {isa = PBXFileReference; fileEncoding = 4; lastKnownFileType = file.xib; path = CategoryViewFooterCell.xib; sourceTree = SOURCE_ROOT; };
		9738DEE018A8353700C200FA /* PhotoDetailsViewController.h */ = {isa = PBXFileReference; fileEncoding = 4; lastKnownFileType = sourcecode.c.h; name = PhotoDetailsViewController.h; path = controller/PhotoDetailsViewController.h; sourceTree = "<group>"; };
		9738DEE118A8353700C200FA /* PhotoDetailsViewController.m */ = {isa = PBXFileReference; fileEncoding = 4; lastKnownFileType = sourcecode.c.objc; name = PhotoDetailsViewController.m; path = controller/PhotoDetailsViewController.m; sourceTree = "<group>"; };
		978D1A2118A142D200F6DA1F /* FlickrClient.h */ = {isa = PBXFileReference; fileEncoding = 4; lastKnownFileType = sourcecode.c.h; name = FlickrClient.h; path = API/FlickrClient.h; sourceTree = "<group>"; };
		978D1A2218A142D200F6DA1F /* FlickrClient.m */ = {isa = PBXFileReference; fileEncoding = 4; lastKnownFileType = sourcecode.c.objc; name = FlickrClient.m; path = API/FlickrClient.m; sourceTree = "<group>"; };
		978FC30E18A6D72C00F0CE07 /* FlickrViewController.h */ = {isa = PBXFileReference; fileEncoding = 4; lastKnownFileType = sourcecode.c.h; name = FlickrViewController.h; path = controller/FlickrViewController.h; sourceTree = "<group>"; };
		978FC30F18A6D72C00F0CE07 /* FlickrViewController.m */ = {isa = PBXFileReference; fileEncoding = 4; lastKnownFileType = sourcecode.c.objc; name = FlickrViewController.m; path = controller/FlickrViewController.m; sourceTree = "<group>"; };
		97BC911A18A21CEE00192447 /* Photo.h */ = {isa = PBXFileReference; fileEncoding = 4; lastKnownFileType = sourcecode.c.h; path = Photo.h; sourceTree = SOURCE_ROOT; };
		97BC911B18A21CEE00192447 /* Photo.m */ = {isa = PBXFileReference; fileEncoding = 4; lastKnownFileType = sourcecode.c.objc; path = Photo.m; sourceTree = SOURCE_ROOT; };
		97D466251890A28700CBCE81 /* AroundYou.app */ = {isa = PBXFileReference; explicitFileType = wrapper.application; includeInIndex = 0; path = AroundYou.app; sourceTree = BUILT_PRODUCTS_DIR; };
		97D466281890A28700CBCE81 /* Foundation.framework */ = {isa = PBXFileReference; lastKnownFileType = wrapper.framework; name = Foundation.framework; path = System/Library/Frameworks/Foundation.framework; sourceTree = SDKROOT; };
		97D4662A1890A28700CBCE81 /* CoreGraphics.framework */ = {isa = PBXFileReference; lastKnownFileType = wrapper.framework; name = CoreGraphics.framework; path = System/Library/Frameworks/CoreGraphics.framework; sourceTree = SDKROOT; };
		97D4662C1890A28700CBCE81 /* UIKit.framework */ = {isa = PBXFileReference; lastKnownFileType = wrapper.framework; name = UIKit.framework; path = System/Library/Frameworks/UIKit.framework; sourceTree = SDKROOT; };
		97D466301890A28700CBCE81 /* AroundYou-Info.plist */ = {isa = PBXFileReference; lastKnownFileType = text.plist.xml; path = "AroundYou-Info.plist"; sourceTree = "<group>"; };
		97D466321890A28700CBCE81 /* en */ = {isa = PBXFileReference; lastKnownFileType = text.plist.strings; name = en; path = en.lproj/InfoPlist.strings; sourceTree = "<group>"; };
		97D466341890A28700CBCE81 /* main.m */ = {isa = PBXFileReference; lastKnownFileType = sourcecode.c.objc; path = main.m; sourceTree = "<group>"; };
		97D466361890A28700CBCE81 /* AroundYou-Prefix.pch */ = {isa = PBXFileReference; lastKnownFileType = sourcecode.c.h; path = "AroundYou-Prefix.pch"; sourceTree = "<group>"; };
		97D466371890A28700CBCE81 /* AppDelegate.h */ = {isa = PBXFileReference; lastKnownFileType = sourcecode.c.h; path = AppDelegate.h; sourceTree = "<group>"; };
		97D466381890A28700CBCE81 /* AppDelegate.m */ = {isa = PBXFileReference; lastKnownFileType = sourcecode.c.objc; path = AppDelegate.m; sourceTree = "<group>"; };
		97D4663B1890A28700CBCE81 /* Base */ = {isa = PBXFileReference; lastKnownFileType = file.storyboard; name = Base; path = Base.lproj/Main.storyboard; sourceTree = "<group>"; };
		97D466401890A28700CBCE81 /* Images.xcassets */ = {isa = PBXFileReference; lastKnownFileType = folder.assetcatalog; path = Images.xcassets; sourceTree = "<group>"; };
		97D466461890A28700CBCE81 /* AroundYouTests.xctest */ = {isa = PBXFileReference; explicitFileType = wrapper.cfbundle; includeInIndex = 0; path = AroundYouTests.xctest; sourceTree = BUILT_PRODUCTS_DIR; };
		97D466471890A28700CBCE81 /* XCTest.framework */ = {isa = PBXFileReference; lastKnownFileType = wrapper.framework; name = XCTest.framework; path = Library/Frameworks/XCTest.framework; sourceTree = DEVELOPER_DIR; };
		97D4664F1890A28800CBCE81 /* AroundYouTests-Info.plist */ = {isa = PBXFileReference; lastKnownFileType = text.plist.xml; path = "AroundYouTests-Info.plist"; sourceTree = "<group>"; };
		97D466511890A28800CBCE81 /* en */ = {isa = PBXFileReference; lastKnownFileType = text.plist.strings; name = en; path = en.lproj/InfoPlist.strings; sourceTree = "<group>"; };
		97D466531890A28800CBCE81 /* AroundYouTests.m */ = {isa = PBXFileReference; lastKnownFileType = sourcecode.c.objc; path = AroundYouTests.m; sourceTree = "<group>"; };
		97D466631890A32A00CBCE81 /* LandingViewController.h */ = {isa = PBXFileReference; fileEncoding = 4; lastKnownFileType = sourcecode.c.h; name = LandingViewController.h; path = controller/LandingViewController.h; sourceTree = "<group>"; };
		97D466641890A32A00CBCE81 /* LandingViewController.m */ = {isa = PBXFileReference; fileEncoding = 4; lastKnownFileType = sourcecode.c.objc; name = LandingViewController.m; path = controller/LandingViewController.m; sourceTree = "<group>"; };
		97D466691890A6FC00CBCE81 /* ContentListViewController.h */ = {isa = PBXFileReference; fileEncoding = 4; lastKnownFileType = sourcecode.c.h; name = ContentListViewController.h; path = controller/ContentListViewController.h; sourceTree = "<group>"; };
		97D4666A1890A6FC00CBCE81 /* ContentListViewController.m */ = {isa = PBXFileReference; fileEncoding = 4; lastKnownFileType = sourcecode.c.objc; name = ContentListViewController.m; path = controller/ContentListViewController.m; sourceTree = "<group>"; };
		97D4666C1890A73800CBCE81 /* CategoryViewController.h */ = {isa = PBXFileReference; fileEncoding = 4; lastKnownFileType = sourcecode.c.h; name = CategoryViewController.h; path = controller/CategoryViewController.h; sourceTree = "<group>"; };
		97D4666D1890A73800CBCE81 /* CategoryViewController.m */ = {isa = PBXFileReference; fileEncoding = 4; lastKnownFileType = sourcecode.c.objc; name = CategoryViewController.m; path = controller/CategoryViewController.m; sourceTree = "<group>"; };
		97D4666F1890A8ED00CBCE81 /* DetailsViewController.h */ = {isa = PBXFileReference; fileEncoding = 4; lastKnownFileType = sourcecode.c.h; name = DetailsViewController.h; path = controller/DetailsViewController.h; sourceTree = "<group>"; };
		97D466701890A8ED00CBCE81 /* DetailsViewController.m */ = {isa = PBXFileReference; fileEncoding = 4; lastKnownFileType = sourcecode.c.objc; name = DetailsViewController.m; path = controller/DetailsViewController.m; sourceTree = "<group>"; };
		F72AF06922F547CB815CD9CA /* libPods.a */ = {isa = PBXFileReference; explicitFileType = archive.ar; includeInIndex = 0; path = libPods.a; sourceTree = BUILT_PRODUCTS_DIR; };
/* End PBXFileReference section */

/* Begin PBXFrameworksBuildPhase section */
		97D466221890A28700CBCE81 /* Frameworks */ = {
			isa = PBXFrameworksBuildPhase;
			buildActionMask = 2147483647;
			files = (
				97D4662B1890A28700CBCE81 /* CoreGraphics.framework in Frameworks */,
				97D4662D1890A28700CBCE81 /* UIKit.framework in Frameworks */,
				97D466291890A28700CBCE81 /* Foundation.framework in Frameworks */,
				1EDCC1F5A9CE43CEA4EB6481 /* libPods.a in Frameworks */,
			);
			runOnlyForDeploymentPostprocessing = 0;
		};
		97D466431890A28700CBCE81 /* Frameworks */ = {
			isa = PBXFrameworksBuildPhase;
			buildActionMask = 2147483647;
			files = (
				97D466481890A28700CBCE81 /* XCTest.framework in Frameworks */,
				97D4664A1890A28700CBCE81 /* UIKit.framework in Frameworks */,
				97D466491890A28700CBCE81 /* Foundation.framework in Frameworks */,
			);
			runOnlyForDeploymentPostprocessing = 0;
		};
/* End PBXFrameworksBuildPhase section */

/* Begin PBXGroup section */
		6476517C18B921AB00F1E825 /* CategoryViews */ = {
			isa = PBXGroup;
			children = (
				64D242B018B87D280049729D /* CategoryViewHeaderCell.xib */,
				64D242B218B885830049729D /* CategoryViewHeaderCell.h */,
				64D242B318B885830049729D /* CategoryViewHeaderCell.m */,
				64D242B518B897DB0049729D /* CategoryViewItemCell.h */,
				64D242B618B897DB0049729D /* CategoryViewItemCell.m */,
				64D242BC18B89F020049729D /* CategoryViewItemCell.xib */,
				64D242C118B8C5F70049729D /* CategoryViewFooterCell.h */,
				64D242C218B8C5F70049729D /* CategoryViewFooterCell.m */,
				64D242C418B8C61E0049729D /* CategoryViewFooterCell.xib */,
			);
			name = CategoryViews;
			sourceTree = "<group>";
		};
		6476517D18B924E700F1E825 /* CommonViews */ = {
			isa = PBXGroup;
			children = (
				6476518018B9520400F1E825 /* HighLightView.xib */,
				6476518218B9535900F1E825 /* HighLightView.h */,
				6476518318B9535900F1E825 /* HighLightView.m */,
			);
			name = CommonViews;
			sourceTree = "<group>";
		};
		6476518918B9802F00F1E825 /* ContentListViews */ = {
			isa = PBXGroup;
			children = (
				6476518A18B9804700F1E825 /* ContentListCell.xib */,
				6476518C18B9808000F1E825 /* ContentListCell.h */,
				6476518D18B9808000F1E825 /* ContentListCell.m */,
			);
			name = ContentListViews;
			sourceTree = "<group>";
		};
		6476519518BA42D900F1E825 /* DetailsView */ = {
			isa = PBXGroup;
			children = (
				6476519918BA435C00F1E825 /* DetailsHeaderViewCell.xib */,
				6476519B18BAB51B00F1E825 /* DetailsHeaderViewCell.h */,
				6476519C18BAB51B00F1E825 /* DetailsHeaderViewCell.m */,
				647651A118BAB63300F1E825 /* DetailsActionViewCell.xib */,
				6476519E18BAB61A00F1E825 /* DetailsActionViewCell.h */,
				6476519F18BAB61A00F1E825 /* DetailsActionViewCell.m */,
				647651A318BAB65600F1E825 /* DetailsMoreInfoCell.xib */,
				647651A518BAB68900F1E825 /* DetailsMoreInfoCell.h */,
				647651A618BAB68900F1E825 /* DetailsMoreInfoCell.m */,
				647651AB18BAB79C00F1E825 /* DetailsSectionHeaderCell.xib */,
				647651A818BAB77E00F1E825 /* DetailsSectionHeaderCell.h */,
				647651A918BAB77E00F1E825 /* DetailsSectionHeaderCell.m */,
				647651B018BAB7F400F1E825 /* DetailsReviewCell.xib */,
				647651AD18BAB7E000F1E825 /* DetailsReviewCell.h */,
				647651AE18BAB7E000F1E825 /* DetailsReviewCell.m */,
			);
			name = DetailsView;
			sourceTree = "<group>";
		};
		64B53E40189DD2E80052FABB /* API */ = {
			isa = PBXGroup;
			children = (
				64B53E44189F333E0052FABB /* YelpClient.h */,
				64B53E45189F333E0052FABB /* YelpClient.m */,
				64C7E5D118A068EA000B84DD /* GooglePlacesClient.h */,
				64C7E5D218A068EA000B84DD /* GooglePlacesClient.m */,
				978D1A2118A142D200F6DA1F /* FlickrClient.h */,
				978D1A2218A142D200F6DA1F /* FlickrClient.m */,
			);
			name = API;
			sourceTree = "<group>";
		};
		97D4661C1890A28700CBCE81 = {
			isa = PBXGroup;
			children = (
				97D4662E1890A28700CBCE81 /* AroundYou */,
				97D4664D1890A28700CBCE81 /* AroundYouTests */,
				97D466271890A28700CBCE81 /* Frameworks */,
				97D466261890A28700CBCE81 /* Products */,
				415025F2FF6149409C611DE8 /* Pods.xcconfig */,
			);
			sourceTree = "<group>";
		};
		97D466261890A28700CBCE81 /* Products */ = {
			isa = PBXGroup;
			children = (
				97D466251890A28700CBCE81 /* AroundYou.app */,
				97D466461890A28700CBCE81 /* AroundYouTests.xctest */,
			);
			name = Products;
			sourceTree = "<group>";
		};
		97D466271890A28700CBCE81 /* Frameworks */ = {
			isa = PBXGroup;
			children = (
				97D466281890A28700CBCE81 /* Foundation.framework */,
				97D4662A1890A28700CBCE81 /* CoreGraphics.framework */,
				97D4662C1890A28700CBCE81 /* UIKit.framework */,
				97D466471890A28700CBCE81 /* XCTest.framework */,
				F72AF06922F547CB815CD9CA /* libPods.a */,
			);
			name = Frameworks;
			sourceTree = "<group>";
		};
		97D4662E1890A28700CBCE81 /* AroundYou */ = {
			isa = PBXGroup;
			children = (
				64B53E40189DD2E80052FABB /* API */,
				97D466671890A35300CBCE81 /* view */,
				97D466681890A35300CBCE81 /* model */,
				97D466371890A28700CBCE81 /* AppDelegate.h */,
				97D466381890A28700CBCE81 /* AppDelegate.m */,
				97D4663A1890A28700CBCE81 /* Main.storyboard */,
				97D466401890A28700CBCE81 /* Images.xcassets */,
				97D4662F1890A28700CBCE81 /* Supporting Files */,
				97D466661890A33700CBCE81 /* controller */,
			);
			path = AroundYou;
			sourceTree = "<group>";
		};
		97D4662F1890A28700CBCE81 /* Supporting Files */ = {
			isa = PBXGroup;
			children = (
				97D466311890A28700CBCE81 /* InfoPlist.strings */,
				97D466301890A28700CBCE81 /* AroundYou-Info.plist */,
				97D466341890A28700CBCE81 /* main.m */,
				97D466361890A28700CBCE81 /* AroundYou-Prefix.pch */,
			);
			name = "Supporting Files";
			sourceTree = "<group>";
		};
		97D4664D1890A28700CBCE81 /* AroundYouTests */ = {
			isa = PBXGroup;
			children = (
				97D466531890A28800CBCE81 /* AroundYouTests.m */,
				97D4664E1890A28700CBCE81 /* Supporting Files */,
			);
			path = AroundYouTests;
			sourceTree = "<group>";
		};
		97D4664E1890A28700CBCE81 /* Supporting Files */ = {
			isa = PBXGroup;
			children = (
				97D4664F1890A28800CBCE81 /* AroundYouTests-Info.plist */,
				97D466501890A28800CBCE81 /* InfoPlist.strings */,
			);
			name = "Supporting Files";
			sourceTree = "<group>";
		};
		97D466661890A33700CBCE81 /* controller */ = {
			isa = PBXGroup;
			children = (
				97D466631890A32A00CBCE81 /* LandingViewController.h */,
				97D466641890A32A00CBCE81 /* LandingViewController.m */,
				97D466691890A6FC00CBCE81 /* ContentListViewController.h */,
				97D4666A1890A6FC00CBCE81 /* ContentListViewController.m */,
				97D4666C1890A73800CBCE81 /* CategoryViewController.h */,
				97D4666D1890A73800CBCE81 /* CategoryViewController.m */,
				978FC30E18A6D72C00F0CE07 /* FlickrViewController.h */,
				978FC30F18A6D72C00F0CE07 /* FlickrViewController.m */,
				97D4666F1890A8ED00CBCE81 /* DetailsViewController.h */,
				97D466701890A8ED00CBCE81 /* DetailsViewController.m */,
				9738DEE018A8353700C200FA /* PhotoDetailsViewController.h */,
				9738DEE118A8353700C200FA /* PhotoDetailsViewController.m */,
				64D242BE18B8BCC80049729D /* Category2ViewController.h */,
				64D242BF18B8BCC80049729D /* Category2ViewController.m */,
			);
			name = controller;
			sourceTree = "<group>";
		};
		97D466671890A35300CBCE81 /* view */ = {
			isa = PBXGroup;
			children = (
				6476519518BA42D900F1E825 /* DetailsView */,
				6476517D18B924E700F1E825 /* CommonViews */,
				6476517C18B921AB00F1E825 /* CategoryViews */,
				6476518918B9802F00F1E825 /* ContentListViews */,
			);
			path = view;
			sourceTree = "<group>";
		};
		97D466681890A35300CBCE81 /* model */ = {
			isa = PBXGroup;
			children = (
				64C7E5D418A078C0000B84DD /* Config.h */,
				64C7E5D518A078C0000B84DD /* Config.m */,
				64C7E5D718A09F90000B84DD /* Place.h */,
				64C7E5D818A09F90000B84DD /* Place.m */,
				97BC911A18A21CEE00192447 /* Photo.h */,
				97BC911B18A21CEE00192447 /* Photo.m */,
				6476518F18B9DBB500F1E825 /* Event.h */,
				6476519018B9DBB500F1E825 /* Event.m */,
				6476519218B9DE6900F1E825 /* Review.h */,
				6476519318B9DE6900F1E825 /* Review.m */,
			);
			path = model;
			sourceTree = "<group>";
		};
/* End PBXGroup section */

/* Begin PBXNativeTarget section */
		97D466241890A28700CBCE81 /* AroundYou */ = {
			isa = PBXNativeTarget;
			buildConfigurationList = 97D466571890A28800CBCE81 /* Build configuration list for PBXNativeTarget "AroundYou" */;
			buildPhases = (
				07370BAF08634C59B4AF2E88 /* Check Pods Manifest.lock */,
				97D466211890A28700CBCE81 /* Sources */,
				97D466221890A28700CBCE81 /* Frameworks */,
				97D466231890A28700CBCE81 /* Resources */,
				8DB6214484E6416FA5FD0FEE /* Copy Pods Resources */,
			);
			buildRules = (
			);
			dependencies = (
			);
			name = AroundYou;
			productName = AroundYou;
			productReference = 97D466251890A28700CBCE81 /* AroundYou.app */;
			productType = "com.apple.product-type.application";
		};
		97D466451890A28700CBCE81 /* AroundYouTests */ = {
			isa = PBXNativeTarget;
			buildConfigurationList = 97D4665A1890A28800CBCE81 /* Build configuration list for PBXNativeTarget "AroundYouTests" */;
			buildPhases = (
				97D466421890A28700CBCE81 /* Sources */,
				97D466431890A28700CBCE81 /* Frameworks */,
				97D466441890A28700CBCE81 /* Resources */,
			);
			buildRules = (
			);
			dependencies = (
				97D4664C1890A28700CBCE81 /* PBXTargetDependency */,
			);
			name = AroundYouTests;
			productName = AroundYouTests;
			productReference = 97D466461890A28700CBCE81 /* AroundYouTests.xctest */;
			productType = "com.apple.product-type.bundle.unit-test";
		};
/* End PBXNativeTarget section */

/* Begin PBXProject section */
		97D4661D1890A28700CBCE81 /* Project object */ = {
			isa = PBXProject;
			attributes = {
				LastUpgradeCheck = 0500;
				ORGANIZATIONNAME = Yahoo;
				TargetAttributes = {
					97D466451890A28700CBCE81 = {
						TestTargetID = 97D466241890A28700CBCE81;
					};
				};
			};
			buildConfigurationList = 97D466201890A28700CBCE81 /* Build configuration list for PBXProject "AroundYou" */;
			compatibilityVersion = "Xcode 3.2";
			developmentRegion = English;
			hasScannedForEncodings = 0;
			knownRegions = (
				en,
				Base,
			);
			mainGroup = 97D4661C1890A28700CBCE81;
			productRefGroup = 97D466261890A28700CBCE81 /* Products */;
			projectDirPath = "";
			projectRoot = "";
			targets = (
				97D466241890A28700CBCE81 /* AroundYou */,
				97D466451890A28700CBCE81 /* AroundYouTests */,
			);
		};
/* End PBXProject section */

/* Begin PBXResourcesBuildPhase section */
		97D466231890A28700CBCE81 /* Resources */ = {
			isa = PBXResourcesBuildPhase;
			buildActionMask = 2147483647;
			files = (
				97D466411890A28700CBCE81 /* Images.xcassets in Resources */,
				647651AC18BAB79C00F1E825 /* DetailsSectionHeaderCell.xib in Resources */,
				647651A418BAB65600F1E825 /* DetailsMoreInfoCell.xib in Resources */,
				647651B118BAB7F400F1E825 /* DetailsReviewCell.xib in Resources */,
				6476519A18BA435C00F1E825 /* DetailsHeaderViewCell.xib in Resources */,
				6476518B18B9804700F1E825 /* ContentListCell.xib in Resources */,
				647651A218BAB63300F1E825 /* DetailsActionViewCell.xib in Resources */,
				64D242C518B8C61E0049729D /* CategoryViewFooterCell.xib in Resources */,
				64D242BD18B89F020049729D /* CategoryViewItemCell.xib in Resources */,
				64D242B118B87D280049729D /* CategoryViewHeaderCell.xib in Resources */,
				6476518118B9520400F1E825 /* HighLightView.xib in Resources */,
				97D466331890A28700CBCE81 /* InfoPlist.strings in Resources */,
				97D4663C1890A28700CBCE81 /* Main.storyboard in Resources */,
			);
			runOnlyForDeploymentPostprocessing = 0;
		};
		97D466441890A28700CBCE81 /* Resources */ = {
			isa = PBXResourcesBuildPhase;
			buildActionMask = 2147483647;
			files = (
				97D466521890A28800CBCE81 /* InfoPlist.strings in Resources */,
			);
			runOnlyForDeploymentPostprocessing = 0;
		};
/* End PBXResourcesBuildPhase section */

/* Begin PBXShellScriptBuildPhase section */
		07370BAF08634C59B4AF2E88 /* Check Pods Manifest.lock */ = {
			isa = PBXShellScriptBuildPhase;
			buildActionMask = 2147483647;
			files = (
			);
			inputPaths = (
			);
			name = "Check Pods Manifest.lock";
			outputPaths = (
			);
			runOnlyForDeploymentPostprocessing = 0;
			shellPath = /bin/sh;
			shellScript = "diff \"${PODS_ROOT}/../Podfile.lock\" \"${PODS_ROOT}/Manifest.lock\" > /dev/null\nif [[ $? != 0 ]] ; then\n    cat << EOM\nerror: The sandbox is not in sync with the Podfile.lock. Run 'pod install' or update your CocoaPods installation.\nEOM\n    exit 1\nfi\n";
			showEnvVarsInLog = 0;
		};
		8DB6214484E6416FA5FD0FEE /* Copy Pods Resources */ = {
			isa = PBXShellScriptBuildPhase;
			buildActionMask = 2147483647;
			files = (
			);
			inputPaths = (
			);
			name = "Copy Pods Resources";
			outputPaths = (
			);
			runOnlyForDeploymentPostprocessing = 0;
			shellPath = /bin/sh;
			shellScript = "\"${SRCROOT}/Pods/Pods-resources.sh\"\n";
			showEnvVarsInLog = 0;
		};
/* End PBXShellScriptBuildPhase section */

/* Begin PBXSourcesBuildPhase section */
		97D466211890A28700CBCE81 /* Sources */ = {
			isa = PBXSourcesBuildPhase;
			buildActionMask = 2147483647;
			files = (
				64B53E46189F333E0052FABB /* YelpClient.m in Sources */,
				6476519418B9DE6900F1E825 /* Review.m in Sources */,
				6476519D18BAB51B00F1E825 /* DetailsHeaderViewCell.m in Sources */,
				97D4666B1890A6FC00CBCE81 /* ContentListViewController.m in Sources */,
				97D4666E1890A73800CBCE81 /* CategoryViewController.m in Sources */,
				97BC911C18A21CEE00192447 /* Photo.m in Sources */,
				64C7E5D318A068EA000B84DD /* GooglePlacesClient.m in Sources */,
				97D466391890A28700CBCE81 /* AppDelegate.m in Sources */,
				6476519118B9DBB500F1E825 /* Event.m in Sources */,
				978FC31018A6D72C00F0CE07 /* FlickrViewController.m in Sources */,
				978D1A2318A142D200F6DA1F /* FlickrClient.m in Sources */,
				647651AA18BAB77E00F1E825 /* DetailsSectionHeaderCell.m in Sources */,
				64D242C018B8BCC80049729D /* Category2ViewController.m in Sources */,
				6476518418B9535900F1E825 /* HighLightView.m in Sources */,
				64D242C318B8C5F70049729D /* CategoryViewFooterCell.m in Sources */,
				9738DEE218A8353700C200FA /* PhotoDetailsViewController.m in Sources */,
				64D242B718B897DB0049729D /* CategoryViewItemCell.m in Sources */,
				64C7E5D918A09F90000B84DD /* Place.m in Sources */,
				647651A018BAB61A00F1E825 /* DetailsActionViewCell.m in Sources */,
				64D242B418B885830049729D /* CategoryViewHeaderCell.m in Sources */,
				97D466711890A8ED00CBCE81 /* DetailsViewController.m in Sources */,
				97D466651890A32A00CBCE81 /* LandingViewController.m in Sources */,
				64C7E5D618A078C0000B84DD /* Config.m in Sources */,
				647651AF18BAB7E000F1E825 /* DetailsReviewCell.m in Sources */,
				647651A718BAB68900F1E825 /* DetailsMoreInfoCell.m in Sources */,
				97D466351890A28700CBCE81 /* main.m in Sources */,
				6476518E18B9808000F1E825 /* ContentListCell.m in Sources */,
			);
			runOnlyForDeploymentPostprocessing = 0;
		};
		97D466421890A28700CBCE81 /* Sources */ = {
			isa = PBXSourcesBuildPhase;
			buildActionMask = 2147483647;
			files = (
				97D466541890A28800CBCE81 /* AroundYouTests.m in Sources */,
			);
			runOnlyForDeploymentPostprocessing = 0;
		};
/* End PBXSourcesBuildPhase section */

/* Begin PBXTargetDependency section */
		97D4664C1890A28700CBCE81 /* PBXTargetDependency */ = {
			isa = PBXTargetDependency;
			target = 97D466241890A28700CBCE81 /* AroundYou */;
			targetProxy = 97D4664B1890A28700CBCE81 /* PBXContainerItemProxy */;
		};
/* End PBXTargetDependency section */

/* Begin PBXVariantGroup section */
		97D466311890A28700CBCE81 /* InfoPlist.strings */ = {
			isa = PBXVariantGroup;
			children = (
				97D466321890A28700CBCE81 /* en */,
			);
			name = InfoPlist.strings;
			sourceTree = "<group>";
		};
		97D4663A1890A28700CBCE81 /* Main.storyboard */ = {
			isa = PBXVariantGroup;
			children = (
				97D4663B1890A28700CBCE81 /* Base */,
			);
			name = Main.storyboard;
			sourceTree = "<group>";
		};
		97D466501890A28800CBCE81 /* InfoPlist.strings */ = {
			isa = PBXVariantGroup;
			children = (
				97D466511890A28800CBCE81 /* en */,
			);
			name = InfoPlist.strings;
			sourceTree = "<group>";
		};
/* End PBXVariantGroup section */

/* Begin XCBuildConfiguration section */
		97D466551890A28800CBCE81 /* Debug */ = {
			isa = XCBuildConfiguration;
			buildSettings = {
				ALWAYS_SEARCH_USER_PATHS = NO;
				ARCHS = "$(ARCHS_STANDARD_INCLUDING_64_BIT)";
				CLANG_CXX_LANGUAGE_STANDARD = "gnu++0x";
				CLANG_CXX_LIBRARY = "libc++";
				CLANG_ENABLE_MODULES = YES;
				CLANG_ENABLE_OBJC_ARC = YES;
				CLANG_WARN_BOOL_CONVERSION = YES;
				CLANG_WARN_CONSTANT_CONVERSION = YES;
				CLANG_WARN_DIRECT_OBJC_ISA_USAGE = YES_ERROR;
				CLANG_WARN_EMPTY_BODY = YES;
				CLANG_WARN_ENUM_CONVERSION = YES;
				CLANG_WARN_INT_CONVERSION = YES;
				CLANG_WARN_OBJC_ROOT_CLASS = YES_ERROR;
				CLANG_WARN__DUPLICATE_METHOD_MATCH = YES;
				"CODE_SIGN_IDENTITY[sdk=iphoneos*]" = "iPhone Developer";
				COPY_PHASE_STRIP = NO;
				GCC_C_LANGUAGE_STANDARD = gnu99;
				GCC_DYNAMIC_NO_PIC = NO;
				GCC_OPTIMIZATION_LEVEL = 0;
				GCC_PREPROCESSOR_DEFINITIONS = (
					"DEBUG=1",
					"$(inherited)",
				);
				GCC_SYMBOLS_PRIVATE_EXTERN = NO;
				GCC_WARN_64_TO_32_BIT_CONVERSION = YES;
				GCC_WARN_ABOUT_RETURN_TYPE = YES_ERROR;
				GCC_WARN_UNDECLARED_SELECTOR = YES;
				GCC_WARN_UNINITIALIZED_AUTOS = YES;
				GCC_WARN_UNUSED_FUNCTION = YES;
				GCC_WARN_UNUSED_VARIABLE = YES;
				IPHONEOS_DEPLOYMENT_TARGET = 7.0;
				ONLY_ACTIVE_ARCH = YES;
				SDKROOT = iphoneos;
			};
			name = Debug;
		};
		97D466561890A28800CBCE81 /* Release */ = {
			isa = XCBuildConfiguration;
			buildSettings = {
				ALWAYS_SEARCH_USER_PATHS = NO;
				ARCHS = "$(ARCHS_STANDARD_INCLUDING_64_BIT)";
				CLANG_CXX_LANGUAGE_STANDARD = "gnu++0x";
				CLANG_CXX_LIBRARY = "libc++";
				CLANG_ENABLE_MODULES = YES;
				CLANG_ENABLE_OBJC_ARC = YES;
				CLANG_WARN_BOOL_CONVERSION = YES;
				CLANG_WARN_CONSTANT_CONVERSION = YES;
				CLANG_WARN_DIRECT_OBJC_ISA_USAGE = YES_ERROR;
				CLANG_WARN_EMPTY_BODY = YES;
				CLANG_WARN_ENUM_CONVERSION = YES;
				CLANG_WARN_INT_CONVERSION = YES;
				CLANG_WARN_OBJC_ROOT_CLASS = YES_ERROR;
				CLANG_WARN__DUPLICATE_METHOD_MATCH = YES;
				"CODE_SIGN_IDENTITY[sdk=iphoneos*]" = "iPhone Developer";
				COPY_PHASE_STRIP = YES;
				ENABLE_NS_ASSERTIONS = NO;
				GCC_C_LANGUAGE_STANDARD = gnu99;
				GCC_WARN_64_TO_32_BIT_CONVERSION = YES;
				GCC_WARN_ABOUT_RETURN_TYPE = YES_ERROR;
				GCC_WARN_UNDECLARED_SELECTOR = YES;
				GCC_WARN_UNINITIALIZED_AUTOS = YES;
				GCC_WARN_UNUSED_FUNCTION = YES;
				GCC_WARN_UNUSED_VARIABLE = YES;
				IPHONEOS_DEPLOYMENT_TARGET = 7.0;
				SDKROOT = iphoneos;
				VALIDATE_PRODUCT = YES;
			};
			name = Release;
		};
		97D466581890A28800CBCE81 /* Debug */ = {
			isa = XCBuildConfiguration;
			baseConfigurationReference = 415025F2FF6149409C611DE8 /* Pods.xcconfig */;
			buildSettings = {
				ASSETCATALOG_COMPILER_APPICON_NAME = AppIcon;
				ASSETCATALOG_COMPILER_LAUNCHIMAGE_NAME = LaunchImage;
				GCC_PRECOMPILE_PREFIX_HEADER = YES;
				GCC_PREFIX_HEADER = "AroundYou/AroundYou-Prefix.pch";
				INFOPLIST_FILE = "AroundYou/AroundYou-Info.plist";
				PRODUCT_NAME = "$(TARGET_NAME)";
				WRAPPER_EXTENSION = app;
			};
			name = Debug;
		};
		97D466591890A28800CBCE81 /* Release */ = {
			isa = XCBuildConfiguration;
			baseConfigurationReference = 415025F2FF6149409C611DE8 /* Pods.xcconfig */;
			buildSettings = {
				ASSETCATALOG_COMPILER_APPICON_NAME = AppIcon;
				ASSETCATALOG_COMPILER_LAUNCHIMAGE_NAME = LaunchImage;
				GCC_PRECOMPILE_PREFIX_HEADER = YES;
				GCC_PREFIX_HEADER = "AroundYou/AroundYou-Prefix.pch";
				INFOPLIST_FILE = "AroundYou/AroundYou-Info.plist";
				PRODUCT_NAME = "$(TARGET_NAME)";
				WRAPPER_EXTENSION = app;
			};
			name = Release;
		};
		97D4665B1890A28800CBCE81 /* Debug */ = {
			isa = XCBuildConfiguration;
			buildSettings = {
				ARCHS = "$(ARCHS_STANDARD_INCLUDING_64_BIT)";
				BUNDLE_LOADER = "$(BUILT_PRODUCTS_DIR)/AroundYou.app/AroundYou";
				FRAMEWORK_SEARCH_PATHS = (
					"$(SDKROOT)/Developer/Library/Frameworks",
					"$(inherited)",
					"$(DEVELOPER_FRAMEWORKS_DIR)",
				);
				GCC_PRECOMPILE_PREFIX_HEADER = YES;
				GCC_PREFIX_HEADER = "AroundYou/AroundYou-Prefix.pch";
				GCC_PREPROCESSOR_DEFINITIONS = (
					"DEBUG=1",
					"$(inherited)",
				);
				INFOPLIST_FILE = "AroundYouTests/AroundYouTests-Info.plist";
				PRODUCT_NAME = "$(TARGET_NAME)";
				TEST_HOST = "$(BUNDLE_LOADER)";
				WRAPPER_EXTENSION = xctest;
			};
			name = Debug;
		};
		97D4665C1890A28800CBCE81 /* Release */ = {
			isa = XCBuildConfiguration;
			buildSettings = {
				ARCHS = "$(ARCHS_STANDARD_INCLUDING_64_BIT)";
				BUNDLE_LOADER = "$(BUILT_PRODUCTS_DIR)/AroundYou.app/AroundYou";
				FRAMEWORK_SEARCH_PATHS = (
					"$(SDKROOT)/Developer/Library/Frameworks",
					"$(inherited)",
					"$(DEVELOPER_FRAMEWORKS_DIR)",
				);
				GCC_PRECOMPILE_PREFIX_HEADER = YES;
				GCC_PREFIX_HEADER = "AroundYou/AroundYou-Prefix.pch";
				INFOPLIST_FILE = "AroundYouTests/AroundYouTests-Info.plist";
				PRODUCT_NAME = "$(TARGET_NAME)";
				TEST_HOST = "$(BUNDLE_LOADER)";
				WRAPPER_EXTENSION = xctest;
			};
			name = Release;
		};
/* End XCBuildConfiguration section */

/* Begin XCConfigurationList section */
		97D466201890A28700CBCE81 /* Build configuration list for PBXProject "AroundYou" */ = {
			isa = XCConfigurationList;
			buildConfigurations = (
				97D466551890A28800CBCE81 /* Debug */,
				97D466561890A28800CBCE81 /* Release */,
			);
			defaultConfigurationIsVisible = 0;
			defaultConfigurationName = Release;
		};
		97D466571890A28800CBCE81 /* Build configuration list for PBXNativeTarget "AroundYou" */ = {
			isa = XCConfigurationList;
			buildConfigurations = (
				97D466581890A28800CBCE81 /* Debug */,
				97D466591890A28800CBCE81 /* Release */,
			);
			defaultConfigurationIsVisible = 0;
			defaultConfigurationName = Release;
		};
		97D4665A1890A28800CBCE81 /* Build configuration list for PBXNativeTarget "AroundYouTests" */ = {
			isa = XCConfigurationList;
			buildConfigurations = (
				97D4665B1890A28800CBCE81 /* Debug */,
				97D4665C1890A28800CBCE81 /* Release */,
			);
			defaultConfigurationIsVisible = 0;
			defaultConfigurationName = Release;
		};
/* End XCConfigurationList section */
	};
	rootObject = 97D4661D1890A28700CBCE81 /* Project object */;
}
